// !$*UTF8*$!
{
	archiveVersion = 1;
	classes = {
	};
	objectVersion = 51;
	objects = {

/* Begin PBXBuildFile section */
		5BAA1DCAF482B27E78DC5876 /* Pods_MeetUTests.framework in Frameworks */ = {isa = PBXBuildFile; fileRef = EC78349DCFEE574E1C56D553 /* Pods_MeetUTests.framework */; };
		75603D68236B61AC00D81813 /* AppDelegate.swift in Sources */ = {isa = PBXBuildFile; fileRef = 75603D67236B61AC00D81813 /* AppDelegate.swift */; };
		75603D6A236B61AC00D81813 /* SceneDelegate.swift in Sources */ = {isa = PBXBuildFile; fileRef = 75603D69236B61AC00D81813 /* SceneDelegate.swift */; };
		75603D6C236B61AC00D81813 /* ViewController.swift in Sources */ = {isa = PBXBuildFile; fileRef = 75603D6B236B61AC00D81813 /* ViewController.swift */; };
		75603D6F236B61AC00D81813 /* Main.storyboard in Resources */ = {isa = PBXBuildFile; fileRef = 75603D6D236B61AC00D81813 /* Main.storyboard */; };
		75603D71236B61AE00D81813 /* Assets.xcassets in Resources */ = {isa = PBXBuildFile; fileRef = 75603D70236B61AE00D81813 /* Assets.xcassets */; };
		75603D74236B61AE00D81813 /* LaunchScreen.storyboard in Resources */ = {isa = PBXBuildFile; fileRef = 75603D72236B61AE00D81813 /* LaunchScreen.storyboard */; };
		75603D7F236B61AE00D81813 /* MeetUTests.swift in Sources */ = {isa = PBXBuildFile; fileRef = 75603D7E236B61AE00D81813 /* MeetUTests.swift */; };
		75603D8A236B61AE00D81813 /* MeetUUITests.swift in Sources */ = {isa = PBXBuildFile; fileRef = 75603D89236B61AE00D81813 /* MeetUUITests.swift */; };
		75B026F52385CC6D0093F06E /* CreateAccountViewController.swift in Sources */ = {isa = PBXBuildFile; fileRef = 75B026F42385CC6D0093F06E /* CreateAccountViewController.swift */; };
		75B026F72385E1F00093F06E /* User.swift in Sources */ = {isa = PBXBuildFile; fileRef = 75B026F62385E1F00093F06E /* User.swift */; };
		A8B4A85BBF2F7545B35F0A84 /* Pods_MeetU.framework in Frameworks */ = {isa = PBXBuildFile; fileRef = 48EA7310C895DCFA6D967A93 /* Pods_MeetU.framework */; };
		B40A6BB623870DC600B8DC48 /* MenuViewController.swift in Sources */ = {isa = PBXBuildFile; fileRef = B40A6BB523870DC600B8DC48 /* MenuViewController.swift */; };
		B4131EF3239842B300AFC9F2 /* GoogleService-Info.plist in Resources */ = {isa = PBXBuildFile; fileRef = B4131EF2239842B300AFC9F2 /* GoogleService-Info.plist */; };
		B4BF32A12385D38C007D68F0 /* LoginViewController.swift in Sources */ = {isa = PBXBuildFile; fileRef = B4BF32A02385D38C007D68F0 /* LoginViewController.swift */; };
		DC6BF52391ACE61F1415D33D /* Pods_MeetU_MeetUUITests.framework in Frameworks */ = {isa = PBXBuildFile; fileRef = 57113C123C32829CBE8E8621 /* Pods_MeetU_MeetUUITests.framework */; };
/* End PBXBuildFile section */

/* Begin PBXContainerItemProxy section */
		75603D7B236B61AE00D81813 /* PBXContainerItemProxy */ = {
			isa = PBXContainerItemProxy;
			containerPortal = 75603D5C236B61AC00D81813 /* Project object */;
			proxyType = 1;
			remoteGlobalIDString = 75603D63236B61AC00D81813;
			remoteInfo = MeetU;
		};
		75603D86236B61AE00D81813 /* PBXContainerItemProxy */ = {
			isa = PBXContainerItemProxy;
			containerPortal = 75603D5C236B61AC00D81813 /* Project object */;
			proxyType = 1;
			remoteGlobalIDString = 75603D63236B61AC00D81813;
			remoteInfo = MeetU;
		};
/* End PBXContainerItemProxy section */

/* Begin PBXFileReference section */
		087F6AC6D39C8D857B5005F5 /* Pods-MeetU.release.xcconfig */ = {isa = PBXFileReference; includeInIndex = 1; lastKnownFileType = text.xcconfig; name = "Pods-MeetU.release.xcconfig"; path = "Target Support Files/Pods-MeetU/Pods-MeetU.release.xcconfig"; sourceTree = "<group>"; };
		1499E84B07F8196479D0179D /* Pods-MeetUTests.debug.xcconfig */ = {isa = PBXFileReference; includeInIndex = 1; lastKnownFileType = text.xcconfig; name = "Pods-MeetUTests.debug.xcconfig"; path = "Target Support Files/Pods-MeetUTests/Pods-MeetUTests.debug.xcconfig"; sourceTree = "<group>"; };
		313D2666F6237FEE8EE92CEA /* Pods-MeetU-MeetUUITests.debug.xcconfig */ = {isa = PBXFileReference; includeInIndex = 1; lastKnownFileType = text.xcconfig; name = "Pods-MeetU-MeetUUITests.debug.xcconfig"; path = "Target Support Files/Pods-MeetU-MeetUUITests/Pods-MeetU-MeetUUITests.debug.xcconfig"; sourceTree = "<group>"; };
		48EA7310C895DCFA6D967A93 /* Pods_MeetU.framework */ = {isa = PBXFileReference; explicitFileType = wrapper.framework; includeInIndex = 0; path = Pods_MeetU.framework; sourceTree = BUILT_PRODUCTS_DIR; };
		57113C123C32829CBE8E8621 /* Pods_MeetU_MeetUUITests.framework */ = {isa = PBXFileReference; explicitFileType = wrapper.framework; includeInIndex = 0; path = Pods_MeetU_MeetUUITests.framework; sourceTree = BUILT_PRODUCTS_DIR; };
		75603D64236B61AC00D81813 /* MeetU.app */ = {isa = PBXFileReference; explicitFileType = wrapper.application; includeInIndex = 0; path = MeetU.app; sourceTree = BUILT_PRODUCTS_DIR; };
		75603D67236B61AC00D81813 /* AppDelegate.swift */ = {isa = PBXFileReference; lastKnownFileType = sourcecode.swift; path = AppDelegate.swift; sourceTree = "<group>"; };
		75603D69236B61AC00D81813 /* SceneDelegate.swift */ = {isa = PBXFileReference; lastKnownFileType = sourcecode.swift; path = SceneDelegate.swift; sourceTree = "<group>"; };
		75603D6B236B61AC00D81813 /* ViewController.swift */ = {isa = PBXFileReference; lastKnownFileType = sourcecode.swift; path = ViewController.swift; sourceTree = "<group>"; };
		75603D6E236B61AC00D81813 /* Base */ = {isa = PBXFileReference; lastKnownFileType = file.storyboard; name = Base; path = Base.lproj/Main.storyboard; sourceTree = "<group>"; };
		75603D70236B61AE00D81813 /* Assets.xcassets */ = {isa = PBXFileReference; lastKnownFileType = folder.assetcatalog; path = Assets.xcassets; sourceTree = "<group>"; };
		75603D73236B61AE00D81813 /* Base */ = {isa = PBXFileReference; lastKnownFileType = file.storyboard; name = Base; path = Base.lproj/LaunchScreen.storyboard; sourceTree = "<group>"; };
		75603D75236B61AE00D81813 /* Info.plist */ = {isa = PBXFileReference; lastKnownFileType = text.plist.xml; path = Info.plist; sourceTree = "<group>"; };
		75603D7A236B61AE00D81813 /* MeetUTests.xctest */ = {isa = PBXFileReference; explicitFileType = wrapper.cfbundle; includeInIndex = 0; path = MeetUTests.xctest; sourceTree = BUILT_PRODUCTS_DIR; };
		75603D7E236B61AE00D81813 /* MeetUTests.swift */ = {isa = PBXFileReference; lastKnownFileType = sourcecode.swift; path = MeetUTests.swift; sourceTree = "<group>"; };
		75603D80236B61AE00D81813 /* Info.plist */ = {isa = PBXFileReference; lastKnownFileType = text.plist.xml; path = Info.plist; sourceTree = "<group>"; };
		75603D85236B61AE00D81813 /* MeetUUITests.xctest */ = {isa = PBXFileReference; explicitFileType = wrapper.cfbundle; includeInIndex = 0; path = MeetUUITests.xctest; sourceTree = BUILT_PRODUCTS_DIR; };
		75603D89236B61AE00D81813 /* MeetUUITests.swift */ = {isa = PBXFileReference; lastKnownFileType = sourcecode.swift; path = MeetUUITests.swift; sourceTree = "<group>"; };
		75603D8B236B61AE00D81813 /* Info.plist */ = {isa = PBXFileReference; lastKnownFileType = text.plist.xml; path = Info.plist; sourceTree = "<group>"; };
		75B026F42385CC6D0093F06E /* CreateAccountViewController.swift */ = {isa = PBXFileReference; lastKnownFileType = sourcecode.swift; path = CreateAccountViewController.swift; sourceTree = "<group>"; };
		75B026F62385E1F00093F06E /* User.swift */ = {isa = PBXFileReference; lastKnownFileType = sourcecode.swift; path = User.swift; sourceTree = "<group>"; };
		848E306E1539FCD6BA7696E2 /* Pods-MeetU.debug.xcconfig */ = {isa = PBXFileReference; includeInIndex = 1; lastKnownFileType = text.xcconfig; name = "Pods-MeetU.debug.xcconfig"; path = "Target Support Files/Pods-MeetU/Pods-MeetU.debug.xcconfig"; sourceTree = "<group>"; };
		B40A6BB523870DC600B8DC48 /* MenuViewController.swift */ = {isa = PBXFileReference; lastKnownFileType = sourcecode.swift; path = MenuViewController.swift; sourceTree = "<group>"; };
		B40A6BB7238717A000B8DC48 /* LocationESTG.gpx */ = {isa = PBXFileReference; lastKnownFileType = text.xml; path = LocationESTG.gpx; sourceTree = "<group>"; };
		B4131EF2239842B300AFC9F2 /* GoogleService-Info.plist */ = {isa = PBXFileReference; fileEncoding = 4; lastKnownFileType = text.plist.xml; path = "GoogleService-Info.plist"; sourceTree = "<group>"; };
		B4BF32A02385D38C007D68F0 /* LoginViewController.swift */ = {isa = PBXFileReference; lastKnownFileType = sourcecode.swift; path = LoginViewController.swift; sourceTree = "<group>"; };
		EB3E60CB3B050F55A9851300 /* Pods-MeetUTests.release.xcconfig */ = {isa = PBXFileReference; includeInIndex = 1; lastKnownFileType = text.xcconfig; name = "Pods-MeetUTests.release.xcconfig"; path = "Target Support Files/Pods-MeetUTests/Pods-MeetUTests.release.xcconfig"; sourceTree = "<group>"; };
		EC78349DCFEE574E1C56D553 /* Pods_MeetUTests.framework */ = {isa = PBXFileReference; explicitFileType = wrapper.framework; includeInIndex = 0; path = Pods_MeetUTests.framework; sourceTree = BUILT_PRODUCTS_DIR; };
		FB2586ACD40EDE79903EF797 /* Pods-MeetU-MeetUUITests.release.xcconfig */ = {isa = PBXFileReference; includeInIndex = 1; lastKnownFileType = text.xcconfig; name = "Pods-MeetU-MeetUUITests.release.xcconfig"; path = "Target Support Files/Pods-MeetU-MeetUUITests/Pods-MeetU-MeetUUITests.release.xcconfig"; sourceTree = "<group>"; };
/* End PBXFileReference section */

/* Begin PBXFrameworksBuildPhase section */
		75603D61236B61AC00D81813 /* Frameworks */ = {
			isa = PBXFrameworksBuildPhase;
			buildActionMask = 2147483647;
			files = (
				A8B4A85BBF2F7545B35F0A84 /* Pods_MeetU.framework in Frameworks */,
			);
			runOnlyForDeploymentPostprocessing = 0;
		};
		75603D77236B61AE00D81813 /* Frameworks */ = {
			isa = PBXFrameworksBuildPhase;
			buildActionMask = 2147483647;
			files = (
				5BAA1DCAF482B27E78DC5876 /* Pods_MeetUTests.framework in Frameworks */,
			);
			runOnlyForDeploymentPostprocessing = 0;
		};
		75603D82236B61AE00D81813 /* Frameworks */ = {
			isa = PBXFrameworksBuildPhase;
			buildActionMask = 2147483647;
			files = (
				DC6BF52391ACE61F1415D33D /* Pods_MeetU_MeetUUITests.framework in Frameworks */,
			);
			runOnlyForDeploymentPostprocessing = 0;
		};
/* End PBXFrameworksBuildPhase section */

/* Begin PBXGroup section */
		75603D5B236B61AC00D81813 = {
			isa = PBXGroup;
			children = (
				75603D66236B61AC00D81813 /* MeetU */,
				75603D7D236B61AE00D81813 /* MeetUTests */,
				75603D88236B61AE00D81813 /* MeetUUITests */,
				75603D65236B61AC00D81813 /* Products */,
				AFA9678D46D1A5DBD0A7EF7A /* Pods */,
				F007BB09117853DB6EF5E9D0 /* Frameworks */,
			);
			sourceTree = "<group>";
		};
		75603D65236B61AC00D81813 /* Products */ = {
			isa = PBXGroup;
			children = (
				75603D64236B61AC00D81813 /* MeetU.app */,
				75603D7A236B61AE00D81813 /* MeetUTests.xctest */,
				75603D85236B61AE00D81813 /* MeetUUITests.xctest */,
			);
			name = Products;
			sourceTree = "<group>";
		};
		75603D66236B61AC00D81813 /* MeetU */ = {
			isa = PBXGroup;
			children = (
				75603D67236B61AC00D81813 /* AppDelegate.swift */,
				75603D69236B61AC00D81813 /* SceneDelegate.swift */,
				75603D6B236B61AC00D81813 /* ViewController.swift */,
				75603D6D236B61AC00D81813 /* Main.storyboard */,
				75603D70236B61AE00D81813 /* Assets.xcassets */,
				75603D72236B61AE00D81813 /* LaunchScreen.storyboard */,
				B4131EF2239842B300AFC9F2 /* GoogleService-Info.plist */,
				75603D75236B61AE00D81813 /* Info.plist */,
				B4BF32A02385D38C007D68F0 /* LoginViewController.swift */,
				75B026F42385CC6D0093F06E /* CreateAccountViewController.swift */,
				75B026F62385E1F00093F06E /* User.swift */,
				B40A6BB523870DC600B8DC48 /* MenuViewController.swift */,
				B40A6BB7238717A000B8DC48 /* LocationESTG.gpx */,
			);
			path = MeetU;
			sourceTree = "<group>";
		};
		75603D7D236B61AE00D81813 /* MeetUTests */ = {
			isa = PBXGroup;
			children = (
				75603D7E236B61AE00D81813 /* MeetUTests.swift */,
				75603D80236B61AE00D81813 /* Info.plist */,
			);
			path = MeetUTests;
			sourceTree = "<group>";
		};
		75603D88236B61AE00D81813 /* MeetUUITests */ = {
			isa = PBXGroup;
			children = (
				75603D89236B61AE00D81813 /* MeetUUITests.swift */,
				75603D8B236B61AE00D81813 /* Info.plist */,
			);
			path = MeetUUITests;
			sourceTree = "<group>";
		};
		AFA9678D46D1A5DBD0A7EF7A /* Pods */ = {
			isa = PBXGroup;
			children = (
				848E306E1539FCD6BA7696E2 /* Pods-MeetU.debug.xcconfig */,
				087F6AC6D39C8D857B5005F5 /* Pods-MeetU.release.xcconfig */,
				313D2666F6237FEE8EE92CEA /* Pods-MeetU-MeetUUITests.debug.xcconfig */,
				FB2586ACD40EDE79903EF797 /* Pods-MeetU-MeetUUITests.release.xcconfig */,
				1499E84B07F8196479D0179D /* Pods-MeetUTests.debug.xcconfig */,
				EB3E60CB3B050F55A9851300 /* Pods-MeetUTests.release.xcconfig */,
			);
			path = Pods;
			sourceTree = "<group>";
		};
		F007BB09117853DB6EF5E9D0 /* Frameworks */ = {
			isa = PBXGroup;
			children = (
				48EA7310C895DCFA6D967A93 /* Pods_MeetU.framework */,
				57113C123C32829CBE8E8621 /* Pods_MeetU_MeetUUITests.framework */,
				EC78349DCFEE574E1C56D553 /* Pods_MeetUTests.framework */,
			);
			name = Frameworks;
			sourceTree = "<group>";
		};
/* End PBXGroup section */

/* Begin PBXNativeTarget section */
		75603D63236B61AC00D81813 /* MeetU */ = {
			isa = PBXNativeTarget;
			buildConfigurationList = 75603D8E236B61AE00D81813 /* Build configuration list for PBXNativeTarget "MeetU" */;
			buildPhases = (
				960EA9F488AFF1E2AE9957DC /* [CP] Check Pods Manifest.lock */,
				75603D60236B61AC00D81813 /* Sources */,
				75603D61236B61AC00D81813 /* Frameworks */,
				75603D62236B61AC00D81813 /* Resources */,
				63CAF9F15CAAEA2834EE212E /* [CP] Embed Pods Frameworks */,
			);
			buildRules = (
			);
			dependencies = (
			);
			name = MeetU;
			productName = MeetU;
			productReference = 75603D64236B61AC00D81813 /* MeetU.app */;
			productType = "com.apple.product-type.application";
		};
		75603D79236B61AE00D81813 /* MeetUTests */ = {
			isa = PBXNativeTarget;
			buildConfigurationList = 75603D91236B61AE00D81813 /* Build configuration list for PBXNativeTarget "MeetUTests" */;
			buildPhases = (
				5BC7FE7CDE4A5ADE231329DF /* [CP] Check Pods Manifest.lock */,
				75603D76236B61AE00D81813 /* Sources */,
				75603D77236B61AE00D81813 /* Frameworks */,
				75603D78236B61AE00D81813 /* Resources */,
			);
			buildRules = (
			);
			dependencies = (
				75603D7C236B61AE00D81813 /* PBXTargetDependency */,
			);
			name = MeetUTests;
			productName = MeetUTests;
			productReference = 75603D7A236B61AE00D81813 /* MeetUTests.xctest */;
			productType = "com.apple.product-type.bundle.unit-test";
		};
		75603D84236B61AE00D81813 /* MeetUUITests */ = {
			isa = PBXNativeTarget;
			buildConfigurationList = 75603D94236B61AE00D81813 /* Build configuration list for PBXNativeTarget "MeetUUITests" */;
			buildPhases = (
				BE469536D3DFA8C67C05F7A5 /* [CP] Check Pods Manifest.lock */,
				75603D81236B61AE00D81813 /* Sources */,
				75603D82236B61AE00D81813 /* Frameworks */,
				75603D83236B61AE00D81813 /* Resources */,
				4FBD5BE4595B3B8FB760334A /* [CP] Embed Pods Frameworks */,
			);
			buildRules = (
			);
			dependencies = (
				75603D87236B61AE00D81813 /* PBXTargetDependency */,
			);
			name = MeetUUITests;
			productName = MeetUUITests;
			productReference = 75603D85236B61AE00D81813 /* MeetUUITests.xctest */;
			productType = "com.apple.product-type.bundle.ui-testing";
		};
/* End PBXNativeTarget section */

/* Begin PBXProject section */
		75603D5C236B61AC00D81813 /* Project object */ = {
			isa = PBXProject;
			attributes = {
				LastSwiftUpdateCheck = 1100;
				LastUpgradeCheck = 1100;
				ORGANIZATIONNAME = "MeetU Inc.";
				TargetAttributes = {
					75603D63236B61AC00D81813 = {
						CreatedOnToolsVersion = 11.0;
						LastSwiftMigration = 1120;
					};
					75603D79236B61AE00D81813 = {
						CreatedOnToolsVersion = 11.0;
						TestTargetID = 75603D63236B61AC00D81813;
					};
					75603D84236B61AE00D81813 = {
						CreatedOnToolsVersion = 11.0;
						TestTargetID = 75603D63236B61AC00D81813;
					};
				};
			};
			buildConfigurationList = 75603D5F236B61AC00D81813 /* Build configuration list for PBXProject "MeetU" */;
			compatibilityVersion = "Xcode 9.3";
			developmentRegion = en;
			hasScannedForEncodings = 0;
			knownRegions = (
				en,
				Base,
			);
			mainGroup = 75603D5B236B61AC00D81813;
			productRefGroup = 75603D65236B61AC00D81813 /* Products */;
			projectDirPath = "";
			projectRoot = "";
			targets = (
				75603D63236B61AC00D81813 /* MeetU */,
				75603D79236B61AE00D81813 /* MeetUTests */,
				75603D84236B61AE00D81813 /* MeetUUITests */,
			);
		};
/* End PBXProject section */

/* Begin PBXResourcesBuildPhase section */
		75603D62236B61AC00D81813 /* Resources */ = {
			isa = PBXResourcesBuildPhase;
			buildActionMask = 2147483647;
			files = (
				75603D74236B61AE00D81813 /* LaunchScreen.storyboard in Resources */,
				B4131EF3239842B300AFC9F2 /* GoogleService-Info.plist in Resources */,
				75603D71236B61AE00D81813 /* Assets.xcassets in Resources */,
				75603D6F236B61AC00D81813 /* Main.storyboard in Resources */,
			);
			runOnlyForDeploymentPostprocessing = 0;
		};
		75603D78236B61AE00D81813 /* Resources */ = {
			isa = PBXResourcesBuildPhase;
			buildActionMask = 2147483647;
			files = (
			);
			runOnlyForDeploymentPostprocessing = 0;
		};
		75603D83236B61AE00D81813 /* Resources */ = {
			isa = PBXResourcesBuildPhase;
			buildActionMask = 2147483647;
			files = (
			);
			runOnlyForDeploymentPostprocessing = 0;
		};
/* End PBXResourcesBuildPhase section */

/* Begin PBXShellScriptBuildPhase section */
		4FBD5BE4595B3B8FB760334A /* [CP] Embed Pods Frameworks */ = {
			isa = PBXShellScriptBuildPhase;
			buildActionMask = 2147483647;
			files = (
			);
			inputFileListPaths = (
				"${PODS_ROOT}/Target Support Files/Pods-MeetU-MeetUUITests/Pods-MeetU-MeetUUITests-frameworks-${CONFIGURATION}-input-files.xcfilelist",
			);
			name = "[CP] Embed Pods Frameworks";
			outputFileListPaths = (
				"${PODS_ROOT}/Target Support Files/Pods-MeetU-MeetUUITests/Pods-MeetU-MeetUUITests-frameworks-${CONFIGURATION}-output-files.xcfilelist",
			);
			runOnlyForDeploymentPostprocessing = 0;
			shellPath = /bin/sh;
			shellScript = "\"${PODS_ROOT}/Target Support Files/Pods-MeetU-MeetUUITests/Pods-MeetU-MeetUUITests-frameworks.sh\"\n";
			showEnvVarsInLog = 0;
		};
		5BC7FE7CDE4A5ADE231329DF /* [CP] Check Pods Manifest.lock */ = {
			isa = PBXShellScriptBuildPhase;
			buildActionMask = 2147483647;
			files = (
			);
			inputFileListPaths = (
			);
			inputPaths = (
				"${PODS_PODFILE_DIR_PATH}/Podfile.lock",
				"${PODS_ROOT}/Manifest.lock",
			);
			name = "[CP] Check Pods Manifest.lock";
			outputFileListPaths = (
			);
			outputPaths = (
				"$(DERIVED_FILE_DIR)/Pods-MeetUTests-checkManifestLockResult.txt",
			);
			runOnlyForDeploymentPostprocessing = 0;
			shellPath = /bin/sh;
			shellScript = "diff \"${PODS_PODFILE_DIR_PATH}/Podfile.lock\" \"${PODS_ROOT}/Manifest.lock\" > /dev/null\nif [ $? != 0 ] ; then\n    # print error to STDERR\n    echo \"error: The sandbox is not in sync with the Podfile.lock. Run 'pod install' or update your CocoaPods installation.\" >&2\n    exit 1\nfi\n# This output is used by Xcode 'outputs' to avoid re-running this script phase.\necho \"SUCCESS\" > \"${SCRIPT_OUTPUT_FILE_0}\"\n";
			showEnvVarsInLog = 0;
		};
		63CAF9F15CAAEA2834EE212E /* [CP] Embed Pods Frameworks */ = {
			isa = PBXShellScriptBuildPhase;
			buildActionMask = 2147483647;
			files = (
			);
			inputFileListPaths = (
				"${PODS_ROOT}/Target Support Files/Pods-MeetU/Pods-MeetU-frameworks-${CONFIGURATION}-input-files.xcfilelist",
			);
			name = "[CP] Embed Pods Frameworks";
			outputFileListPaths = (
				"${PODS_ROOT}/Target Support Files/Pods-MeetU/Pods-MeetU-frameworks-${CONFIGURATION}-output-files.xcfilelist",
			);
			runOnlyForDeploymentPostprocessing = 0;
			shellPath = /bin/sh;
			shellScript = "\"${PODS_ROOT}/Target Support Files/Pods-MeetU/Pods-MeetU-frameworks.sh\"\n";
			showEnvVarsInLog = 0;
		};
		960EA9F488AFF1E2AE9957DC /* [CP] Check Pods Manifest.lock */ = {
			isa = PBXShellScriptBuildPhase;
			buildActionMask = 2147483647;
			files = (
			);
			inputFileListPaths = (
			);
			inputPaths = (
				"${PODS_PODFILE_DIR_PATH}/Podfile.lock",
				"${PODS_ROOT}/Manifest.lock",
			);
			name = "[CP] Check Pods Manifest.lock";
			outputFileListPaths = (
			);
			outputPaths = (
				"$(DERIVED_FILE_DIR)/Pods-MeetU-checkManifestLockResult.txt",
			);
			runOnlyForDeploymentPostprocessing = 0;
			shellPath = /bin/sh;
			shellScript = "diff \"${PODS_PODFILE_DIR_PATH}/Podfile.lock\" \"${PODS_ROOT}/Manifest.lock\" > /dev/null\nif [ $? != 0 ] ; then\n    # print error to STDERR\n    echo \"error: The sandbox is not in sync with the Podfile.lock. Run 'pod install' or update your CocoaPods installation.\" >&2\n    exit 1\nfi\n# This output is used by Xcode 'outputs' to avoid re-running this script phase.\necho \"SUCCESS\" > \"${SCRIPT_OUTPUT_FILE_0}\"\n";
			showEnvVarsInLog = 0;
		};
		BE469536D3DFA8C67C05F7A5 /* [CP] Check Pods Manifest.lock */ = {
			isa = PBXShellScriptBuildPhase;
			buildActionMask = 2147483647;
			files = (
			);
			inputFileListPaths = (
			);
			inputPaths = (
				"${PODS_PODFILE_DIR_PATH}/Podfile.lock",
				"${PODS_ROOT}/Manifest.lock",
			);
			name = "[CP] Check Pods Manifest.lock";
			outputFileListPaths = (
			);
			outputPaths = (
				"$(DERIVED_FILE_DIR)/Pods-MeetU-MeetUUITests-checkManifestLockResult.txt",
			);
			runOnlyForDeploymentPostprocessing = 0;
			shellPath = /bin/sh;
			shellScript = "diff \"${PODS_PODFILE_DIR_PATH}/Podfile.lock\" \"${PODS_ROOT}/Manifest.lock\" > /dev/null\nif [ $? != 0 ] ; then\n    # print error to STDERR\n    echo \"error: The sandbox is not in sync with the Podfile.lock. Run 'pod install' or update your CocoaPods installation.\" >&2\n    exit 1\nfi\n# This output is used by Xcode 'outputs' to avoid re-running this script phase.\necho \"SUCCESS\" > \"${SCRIPT_OUTPUT_FILE_0}\"\n";
			showEnvVarsInLog = 0;
		};
/* End PBXShellScriptBuildPhase section */

/* Begin PBXSourcesBuildPhase section */
		75603D60236B61AC00D81813 /* Sources */ = {
			isa = PBXSourcesBuildPhase;
			buildActionMask = 2147483647;
			files = (
				75B026F52385CC6D0093F06E /* CreateAccountViewController.swift in Sources */,
				75603D6C236B61AC00D81813 /* ViewController.swift in Sources */,
				75603D68236B61AC00D81813 /* AppDelegate.swift in Sources */,
				75B026F72385E1F00093F06E /* User.swift in Sources */,
				75603D6A236B61AC00D81813 /* SceneDelegate.swift in Sources */,
				B4BF32A12385D38C007D68F0 /* LoginViewController.swift in Sources */,
				B40A6BB623870DC600B8DC48 /* MenuViewController.swift in Sources */,
			);
			runOnlyForDeploymentPostprocessing = 0;
		};
		75603D76236B61AE00D81813 /* Sources */ = {
			isa = PBXSourcesBuildPhase;
			buildActionMask = 2147483647;
			files = (
				75603D7F236B61AE00D81813 /* MeetUTests.swift in Sources */,
			);
			runOnlyForDeploymentPostprocessing = 0;
		};
		75603D81236B61AE00D81813 /* Sources */ = {
			isa = PBXSourcesBuildPhase;
			buildActionMask = 2147483647;
			files = (
				75603D8A236B61AE00D81813 /* MeetUUITests.swift in Sources */,
			);
			runOnlyForDeploymentPostprocessing = 0;
		};
/* End PBXSourcesBuildPhase section */

/* Begin PBXTargetDependency section */
		75603D7C236B61AE00D81813 /* PBXTargetDependency */ = {
			isa = PBXTargetDependency;
			target = 75603D63236B61AC00D81813 /* MeetU */;
			targetProxy = 75603D7B236B61AE00D81813 /* PBXContainerItemProxy */;
		};
		75603D87236B61AE00D81813 /* PBXTargetDependency */ = {
			isa = PBXTargetDependency;
			target = 75603D63236B61AC00D81813 /* MeetU */;
			targetProxy = 75603D86236B61AE00D81813 /* PBXContainerItemProxy */;
		};
/* End PBXTargetDependency section */

/* Begin PBXVariantGroup section */
		75603D6D236B61AC00D81813 /* Main.storyboard */ = {
			isa = PBXVariantGroup;
			children = (
				75603D6E236B61AC00D81813 /* Base */,
			);
			name = Main.storyboard;
			sourceTree = "<group>";
		};
		75603D72236B61AE00D81813 /* LaunchScreen.storyboard */ = {
			isa = PBXVariantGroup;
			children = (
				75603D73236B61AE00D81813 /* Base */,
			);
			name = LaunchScreen.storyboard;
			sourceTree = "<group>";
		};
/* End PBXVariantGroup section */

/* Begin XCBuildConfiguration section */
		75603D8C236B61AE00D81813 /* Debug */ = {
			isa = XCBuildConfiguration;
			buildSettings = {
				ALWAYS_SEARCH_USER_PATHS = NO;
				CLANG_ANALYZER_NONNULL = YES;
				CLANG_ANALYZER_NUMBER_OBJECT_CONVERSION = YES_AGGRESSIVE;
				CLANG_CXX_LANGUAGE_STANDARD = "gnu++14";
				CLANG_CXX_LIBRARY = "libc++";
				CLANG_ENABLE_MODULES = YES;
				CLANG_ENABLE_OBJC_ARC = YES;
				CLANG_ENABLE_OBJC_WEAK = YES;
				CLANG_WARN_BLOCK_CAPTURE_AUTORELEASING = YES;
				CLANG_WARN_BOOL_CONVERSION = YES;
				CLANG_WARN_COMMA = YES;
				CLANG_WARN_CONSTANT_CONVERSION = YES;
				CLANG_WARN_DEPRECATED_OBJC_IMPLEMENTATIONS = YES;
				CLANG_WARN_DIRECT_OBJC_ISA_USAGE = YES_ERROR;
				CLANG_WARN_DOCUMENTATION_COMMENTS = YES;
				CLANG_WARN_EMPTY_BODY = YES;
				CLANG_WARN_ENUM_CONVERSION = YES;
				CLANG_WARN_INFINITE_RECURSION = YES;
				CLANG_WARN_INT_CONVERSION = YES;
				CLANG_WARN_NON_LITERAL_NULL_CONVERSION = YES;
				CLANG_WARN_OBJC_IMPLICIT_RETAIN_SELF = YES;
				CLANG_WARN_OBJC_LITERAL_CONVERSION = YES;
				CLANG_WARN_OBJC_ROOT_CLASS = YES_ERROR;
				CLANG_WARN_RANGE_LOOP_ANALYSIS = YES;
				CLANG_WARN_STRICT_PROTOTYPES = YES;
				CLANG_WARN_SUSPICIOUS_MOVE = YES;
				CLANG_WARN_UNGUARDED_AVAILABILITY = YES_AGGRESSIVE;
				CLANG_WARN_UNREACHABLE_CODE = YES;
				CLANG_WARN__DUPLICATE_METHOD_MATCH = YES;
				COPY_PHASE_STRIP = NO;
				DEBUG_INFORMATION_FORMAT = dwarf;
				ENABLE_STRICT_OBJC_MSGSEND = YES;
				ENABLE_TESTABILITY = YES;
				GCC_C_LANGUAGE_STANDARD = gnu11;
				GCC_DYNAMIC_NO_PIC = NO;
				GCC_NO_COMMON_BLOCKS = YES;
				GCC_OPTIMIZATION_LEVEL = 0;
				GCC_PREPROCESSOR_DEFINITIONS = (
					"DEBUG=1",
					"$(inherited)",
				);
				GCC_WARN_64_TO_32_BIT_CONVERSION = YES;
				GCC_WARN_ABOUT_RETURN_TYPE = YES_ERROR;
				GCC_WARN_UNDECLARED_SELECTOR = YES;
				GCC_WARN_UNINITIALIZED_AUTOS = YES_AGGRESSIVE;
				GCC_WARN_UNUSED_FUNCTION = YES;
				GCC_WARN_UNUSED_VARIABLE = YES;
				IPHONEOS_DEPLOYMENT_TARGET = 13.0;
				MTL_ENABLE_DEBUG_INFO = INCLUDE_SOURCE;
				MTL_FAST_MATH = YES;
				ONLY_ACTIVE_ARCH = YES;
				SDKROOT = iphoneos;
				SWIFT_ACTIVE_COMPILATION_CONDITIONS = DEBUG;
				SWIFT_OPTIMIZATION_LEVEL = "-Onone";
			};
			name = Debug;
		};
		75603D8D236B61AE00D81813 /* Release */ = {
			isa = XCBuildConfiguration;
			buildSettings = {
				ALWAYS_SEARCH_USER_PATHS = NO;
				CLANG_ANALYZER_NONNULL = YES;
				CLANG_ANALYZER_NUMBER_OBJECT_CONVERSION = YES_AGGRESSIVE;
				CLANG_CXX_LANGUAGE_STANDARD = "gnu++14";
				CLANG_CXX_LIBRARY = "libc++";
				CLANG_ENABLE_MODULES = YES;
				CLANG_ENABLE_OBJC_ARC = YES;
				CLANG_ENABLE_OBJC_WEAK = YES;
				CLANG_WARN_BLOCK_CAPTURE_AUTORELEASING = YES;
				CLANG_WARN_BOOL_CONVERSION = YES;
				CLANG_WARN_COMMA = YES;
				CLANG_WARN_CONSTANT_CONVERSION = YES;
				CLANG_WARN_DEPRECATED_OBJC_IMPLEMENTATIONS = YES;
				CLANG_WARN_DIRECT_OBJC_ISA_USAGE = YES_ERROR;
				CLANG_WARN_DOCUMENTATION_COMMENTS = YES;
				CLANG_WARN_EMPTY_BODY = YES;
				CLANG_WARN_ENUM_CONVERSION = YES;
				CLANG_WARN_INFINITE_RECURSION = YES;
				CLANG_WARN_INT_CONVERSION = YES;
				CLANG_WARN_NON_LITERAL_NULL_CONVERSION = YES;
				CLANG_WARN_OBJC_IMPLICIT_RETAIN_SELF = YES;
				CLANG_WARN_OBJC_LITERAL_CONVERSION = YES;
				CLANG_WARN_OBJC_ROOT_CLASS = YES_ERROR;
				CLANG_WARN_RANGE_LOOP_ANALYSIS = YES;
				CLANG_WARN_STRICT_PROTOTYPES = YES;
				CLANG_WARN_SUSPICIOUS_MOVE = YES;
				CLANG_WARN_UNGUARDED_AVAILABILITY = YES_AGGRESSIVE;
				CLANG_WARN_UNREACHABLE_CODE = YES;
				CLANG_WARN__DUPLICATE_METHOD_MATCH = YES;
				COPY_PHASE_STRIP = NO;
				DEBUG_INFORMATION_FORMAT = "dwarf-with-dsym";
				ENABLE_NS_ASSERTIONS = NO;
				ENABLE_STRICT_OBJC_MSGSEND = YES;
				GCC_C_LANGUAGE_STANDARD = gnu11;
				GCC_NO_COMMON_BLOCKS = YES;
				GCC_WARN_64_TO_32_BIT_CONVERSION = YES;
				GCC_WARN_ABOUT_RETURN_TYPE = YES_ERROR;
				GCC_WARN_UNDECLARED_SELECTOR = YES;
				GCC_WARN_UNINITIALIZED_AUTOS = YES_AGGRESSIVE;
				GCC_WARN_UNUSED_FUNCTION = YES;
				GCC_WARN_UNUSED_VARIABLE = YES;
				IPHONEOS_DEPLOYMENT_TARGET = 13.0;
				MTL_ENABLE_DEBUG_INFO = NO;
				MTL_FAST_MATH = YES;
				SDKROOT = iphoneos;
				SWIFT_COMPILATION_MODE = wholemodule;
				SWIFT_OPTIMIZATION_LEVEL = "-O";
				VALIDATE_PRODUCT = YES;
			};
			name = Release;
		};
		75603D8F236B61AE00D81813 /* Debug */ = {
			isa = XCBuildConfiguration;
			baseConfigurationReference = 848E306E1539FCD6BA7696E2 /* Pods-MeetU.debug.xcconfig */;
			buildSettings = {
				ASSETCATALOG_COMPILER_APPICON_NAME = AppIcon;
				CLANG_ENABLE_MODULES = YES;
				CODE_SIGN_STYLE = Automatic;
				INFOPLIST_FILE = MeetU/Info.plist;
				LD_RUNPATH_SEARCH_PATHS = (
					"$(inherited)",
					"@executable_path/Frameworks",
				);
				PRODUCT_BUNDLE_IDENTIFIER = ipl.MeetU;
				PRODUCT_NAME = "$(TARGET_NAME)";
				SWIFT_OBJC_BRIDGING_HEADER = "MeetU/MeetU-Bridging-Header.h";
				SWIFT_OPTIMIZATION_LEVEL = "-Onone";
				SWIFT_VERSION = 5.0;
				TARGETED_DEVICE_FAMILY = "1,2";
			};
			name = Debug;
		};
		75603D90236B61AE00D81813 /* Release */ = {
			isa = XCBuildConfiguration;
			baseConfigurationReference = 087F6AC6D39C8D857B5005F5 /* Pods-MeetU.release.xcconfig */;
			buildSettings = {
				ASSETCATALOG_COMPILER_APPICON_NAME = AppIcon;
				CLANG_ENABLE_MODULES = YES;
				CODE_SIGN_STYLE = Automatic;
				INFOPLIST_FILE = MeetU/Info.plist;
				LD_RUNPATH_SEARCH_PATHS = (
					"$(inherited)",
					"@executable_path/Frameworks",
				);
				PRODUCT_BUNDLE_IDENTIFIER = ipl.MeetU;
				PRODUCT_NAME = "$(TARGET_NAME)";
				SWIFT_OBJC_BRIDGING_HEADER = "MeetU/MeetU-Bridging-Header.h";
				SWIFT_VERSION = 5.0;
				TARGETED_DEVICE_FAMILY = "1,2";
			};
			name = Release;
		};
		75603D92236B61AE00D81813 /* Debug */ = {
			isa = XCBuildConfiguration;
			baseConfigurationReference = 1499E84B07F8196479D0179D /* Pods-MeetUTests.debug.xcconfig */;
			buildSettings = {
				ALWAYS_EMBED_SWIFT_STANDARD_LIBRARIES = YES;
				BUNDLE_LOADER = "$(TEST_HOST)";
				CODE_SIGN_STYLE = Automatic;
				INFOPLIST_FILE = MeetUTests/Info.plist;
				IPHONEOS_DEPLOYMENT_TARGET = 13.0;
				LD_RUNPATH_SEARCH_PATHS = (
					"$(inherited)",
					"@executable_path/Frameworks",
					"@loader_path/Frameworks",
				);
				PRODUCT_BUNDLE_IDENTIFIER = ipl.MeetUTests;
				PRODUCT_NAME = "$(TARGET_NAME)";
				SWIFT_VERSION = 5.0;
				TARGETED_DEVICE_FAMILY = "1,2";
				TEST_HOST = "$(BUILT_PRODUCTS_DIR)/MeetU.app/MeetU";
			};
			name = Debug;
		};
		75603D93236B61AE00D81813 /* Release */ = {
			isa = XCBuildConfiguration;
			baseConfigurationReference = EB3E60CB3B050F55A9851300 /* Pods-MeetUTests.release.xcconfig */;
			buildSettings = {
				ALWAYS_EMBED_SWIFT_STANDARD_LIBRARIES = YES;
				BUNDLE_LOADER = "$(TEST_HOST)";
				CODE_SIGN_STYLE = Automatic;
				INFOPLIST_FILE = MeetUTests/Info.plist;
				IPHONEOS_DEPLOYMENT_TARGET = 13.0;
				LD_RUNPATH_SEARCH_PATHS = (
					"$(inherited)",
					"@executable_path/Frameworks",
					"@loader_path/Frameworks",
				);
				PRODUCT_BUNDLE_IDENTIFIER = ipl.MeetUTests;
				PRODUCT_NAME = "$(TARGET_NAME)";
				SWIFT_VERSION = 5.0;
				TARGETED_DEVICE_FAMILY = "1,2";
				TEST_HOST = "$(BUILT_PRODUCTS_DIR)/MeetU.app/MeetU";
			};
			name = Release;
		};
		75603D95236B61AE00D81813 /* Debug */ = {
			isa = XCBuildConfiguration;
			baseConfigurationReference = 313D2666F6237FEE8EE92CEA /* Pods-MeetU-MeetUUITests.debug.xcconfig */;
			buildSettings = {
				ALWAYS_EMBED_SWIFT_STANDARD_LIBRARIES = YES;
				CODE_SIGN_STYLE = Automatic;
				INFOPLIST_FILE = MeetUUITests/Info.plist;
				LD_RUNPATH_SEARCH_PATHS = (
					"$(inherited)",
					"@executable_path/Frameworks",
					"@loader_path/Frameworks",
				);
				PRODUCT_BUNDLE_IDENTIFIER = ipl.MeetUUITests;
				PRODUCT_NAME = "$(TARGET_NAME)";
				SWIFT_VERSION = 5.0;
				TARGETED_DEVICE_FAMILY = "1,2";
				TEST_TARGET_NAME = MeetU;
			};
			name = Debug;
		};
		75603D96236B61AE00D81813 /* Release */ = {
			isa = XCBuildConfiguration;
			baseConfigurationReference = FB2586ACD40EDE79903EF797 /* Pods-MeetU-MeetUUITests.release.xcconfig */;
			buildSettings = {
				ALWAYS_EMBED_SWIFT_STANDARD_LIBRARIES = YES;
				CODE_SIGN_STYLE = Automatic;
				INFOPLIST_FILE = MeetUUITests/Info.plist;
				LD_RUNPATH_SEARCH_PATHS = (
					"$(inherited)",
					"@executable_path/Frameworks",
					"@loader_path/Frameworks",
				);
				PRODUCT_BUNDLE_IDENTIFIER = ipl.MeetUUITests;
				PRODUCT_NAME = "$(TARGET_NAME)";
				SWIFT_VERSION = 5.0;
				TARGETED_DEVICE_FAMILY = "1,2";
				TEST_TARGET_NAME = MeetU;
			};
			name = Release;
		};
/* End XCBuildConfiguration section */

/* Begin XCConfigurationList section */
		75603D5F236B61AC00D81813 /* Build configuration list for PBXProject "MeetU" */ = {
			isa = XCConfigurationList;
			buildConfigurations = (
				75603D8C236B61AE00D81813 /* Debug */,
				75603D8D236B61AE00D81813 /* Release */,
			);
			defaultConfigurationIsVisible = 0;
			defaultConfigurationName = Release;
		};
		75603D8E236B61AE00D81813 /* Build configuration list for PBXNativeTarget "MeetU" */ = {
			isa = XCConfigurationList;
			buildConfigurations = (
				75603D8F236B61AE00D81813 /* Debug */,
				75603D90236B61AE00D81813 /* Release */,
			);
			defaultConfigurationIsVisible = 0;
			defaultConfigurationName = Release;
		};
		75603D91236B61AE00D81813 /* Build configuration list for PBXNativeTarget "MeetUTests" */ = {
			isa = XCConfigurationList;
			buildConfigurations = (
				75603D92236B61AE00D81813 /* Debug */,
				75603D93236B61AE00D81813 /* Release */,
			);
			defaultConfigurationIsVisible = 0;
			defaultConfigurationName = Release;
		};
		75603D94236B61AE00D81813 /* Build configuration list for PBXNativeTarget "MeetUUITests" */ = {
			isa = XCConfigurationList;
			buildConfigurations = (
				75603D95236B61AE00D81813 /* Debug */,
				75603D96236B61AE00D81813 /* Release */,
			);
			defaultConfigurationIsVisible = 0;
			defaultConfigurationName = Release;
		};
/* End XCConfigurationList section */
	};
	rootObject = 75603D5C236B61AC00D81813 /* Project object */;
}
